
Microsoft Visual Studio Solution File, Format Version 12.00
# Visual Studio Version 16
VisualStudioVersion = 16.0.32510.428
MinimumVisualStudioVersion = 10.0.40219.1
Project("{D2ABAB84-BF74-430A-B69E-9DC6D40DDA17}") = "MultidimensionalProject7", "MultidimensionalProject7\MultidimensionalProject7.dwproj", "{5652ABF3-5B82-49F2-8A2E-06314497BBF6}"
EndProject
Global
	GlobalSection(SolutionConfigurationPlatforms) = preSolution
		Development|Default = Development|Default
	EndGlobalSection
	GlobalSection(ProjectConfigurationPlatforms) = postSolution
		{5652ABF3-5B82-49F2-8A2E-06314497BBF6}.Development|Default.ActiveCfg = Development
		{5652ABF3-5B82-49F2-8A2E-06314497BBF6}.Development|Default.Build.0 = Development
		{5652ABF3-5B82-49F2-8A2E-06314497BBF6}.Development|Default.Deploy.0 = Development
	EndGlobalSection
	GlobalSection(SolutionProperties) = preSolution
		HideSolutionNode = FALSE
	EndGlobalSection
	GlobalSection(ExtensibilityGlobals) = postSolution
		SolutionGuid = {10965823-1585-4B03-855A-F1B5C98D6FA9}
	EndGlobalSection
EndGlobal
