
Microsoft Visual Studio Solution File, Format Version 12.00
# Visual Studio Version 16
VisualStudioVersion = 16.0.32510.428
MinimumVisualStudioVersion = 10.0.40219.1
Project("{D2ABAB84-BF74-430A-B69E-9DC6D40DDA17}") = "OLAPCUBE", "OLAPCUBE\OLAPCUBE.dwproj", "{616E2656-DB35-4D52-BD10-1F2EA89247BF}"
EndProject
Global
	GlobalSection(SolutionConfigurationPlatforms) = preSolution
		Development|Default = Development|Default
	EndGlobalSection
	GlobalSection(ProjectConfigurationPlatforms) = postSolution
		{616E2656-DB35-4D52-BD10-1F2EA89247BF}.Development|Default.ActiveCfg = Development
		{616E2656-DB35-4D52-BD10-1F2EA89247BF}.Development|Default.Build.0 = Development
		{616E2656-DB35-4D52-BD10-1F2EA89247BF}.Development|Default.Deploy.0 = Development
	EndGlobalSection
	GlobalSection(SolutionProperties) = preSolution
		HideSolutionNode = FALSE
	EndGlobalSection
	GlobalSection(ExtensibilityGlobals) = postSolution
		SolutionGuid = {AC078200-C00C-44D7-8B44-75139ECCA9AF}
	EndGlobalSection
EndGlobal
